
Microsoft Visual Studio Solution File, Format Version 12.00
# Visual Studio Version 17
VisualStudioVersion = 17.0.31903.59
MinimumVisualStudioVersion = 10.0.40219.1
Project("{FAE04EC0-301F-11D3-BF4B-00C04F79EFBC}") = "WhearApp.WebApi", "src\WhearApp.WebApi\WhearApp.WebApi.csproj", "{F69A08C1-7927-4670-AFE3-0ED5660002EC}"
EndProject
Project("{2150E333-8FDC-42A3-9474-1A3956D46DE8}") = "0.Solution Items", "0.Solution Items", "{92D9C202-C047-4636-ACAF-43DCE54C425E}"
	ProjectSection(SolutionItems) = preProject
		compose.yaml = compose.yaml
	EndProjectSection
EndProject
Project("{2150E333-8FDC-42A3-9474-1A3956D46DE8}") = "0.BuildingBlocks", "0.BuildingBlocks", "{984E6015-DF9B-41C8-94EF-B5B4881537B0}"
EndProject
Project("{FAE04EC0-301F-11D3-BF4B-00C04F79EFBC}") = "WhearApp.BuildingBlocks.SharedKernel", "src\BuildingBlocks\WhearApp.BuildingBlocks.SharedKernel\WhearApp.BuildingBlocks.SharedKernel.csproj", "{D232347B-0D1D-47D0-95E8-B4A2D37706A3}"
EndProject
Project("{FAE04EC0-301F-11D3-BF4B-00C04F79EFBC}") = "WhearApp.BuildingBlocks.Utils", "src\BuildingBlocks\WhearApp.BuildingBlocks.Utils\WhearApp.BuildingBlocks.Utils.csproj", "{609855EE-1B35-4AE2-B75B-0AE75D4702DC}"
EndProject
Project("{2150E333-8FDC-42A3-9474-1A3956D46DE8}") = "1.Core", "1.Core", "{6E73C872-1AA7-4AF0-BE25-8B6D2BA5A989}"
EndProject
Project("{2150E333-8FDC-42A3-9474-1A3956D46DE8}") = "3.Infrastructure", "3.Infrastructure", "{F78ED1E3-FD73-4282-A4E0-4323313BFFCB}"
EndProject
Project("{2150E333-8FDC-42A3-9474-1A3956D46DE8}") = "2.Application", "2.Application", "{6531C1B1-E0C5-4830-83C7-48984ED8D5C2}"
EndProject
Project("{FAE04EC0-301F-11D3-BF4B-00C04F79EFBC}") = "WhearApp.Infrastructure.Database", "src\WhearApp.Infrastructure.Database\WhearApp.Infrastructure.Database.csproj", "{39F36970-E6FB-4192-82A0-3C7B5788E9E3}"
EndProject
Project("{FAE04EC0-301F-11D3-BF4B-00C04F79EFBC}") = "WhearApp.Infrastructure.Caching", "src\WhearApp.Infrastructure.Caching\WhearApp.Infrastructure.Caching.csproj", "{1342AE20-3892-4175-A2DF-C4ACE3ED4C2B}"
EndProject
Project("{FAE04EC0-301F-11D3-BF4B-00C04F79EFBC}") = "WhearApp.Core", "src\WhearApp.Core\WhearApp.Core.csproj", "{271B60E6-261E-4324-900A-0CD92B939183}"
EndProject
Project("{FAE04EC0-301F-11D3-BF4B-00C04F79EFBC}") = "WhearApp.Infrastructure", "src\WhearApp.Infrastructure\WhearApp.Infrastructure.csproj", "{8732BCE8-F94C-4928-A20F-B6418AB3EDF9}"
EndProject
Project("{FAE04EC0-301F-11D3-BF4B-00C04F79EFBC}") = "WhearApp.Application", "src\WhearApp.Application\WhearApp.Application.csproj", "{BB88DF24-938F-4E21-86D3-DDFFAB74A09D}"
EndProject
Global
	GlobalSection(SolutionConfigurationPlatforms) = preSolution
		Debug|Any CPU = Debug|Any CPU
		Release|Any CPU = Release|Any CPU
	EndGlobalSection
	GlobalSection(SolutionProperties) = preSolution
		HideSolutionNode = FALSE
	EndGlobalSection
	GlobalSection(ProjectConfigurationPlatforms) = postSolution
		{F69A08C1-7927-4670-AFE3-0ED5660002EC}.Debug|Any CPU.ActiveCfg = Debug|Any CPU
		{F69A08C1-7927-4670-AFE3-0ED5660002EC}.Debug|Any CPU.Build.0 = Debug|Any CPU
		{F69A08C1-7927-4670-AFE3-0ED5660002EC}.Release|Any CPU.ActiveCfg = Release|Any CPU
		{F69A08C1-7927-4670-AFE3-0ED5660002EC}.Release|Any CPU.Build.0 = Release|Any CPU
		{D232347B-0D1D-47D0-95E8-B4A2D37706A3}.Debug|Any CPU.ActiveCfg = Debug|Any CPU
		{D232347B-0D1D-47D0-95E8-B4A2D37706A3}.Debug|Any CPU.Build.0 = Debug|Any CPU
		{D232347B-0D1D-47D0-95E8-B4A2D37706A3}.Release|Any CPU.ActiveCfg = Release|Any CPU
		{D232347B-0D1D-47D0-95E8-B4A2D37706A3}.Release|Any CPU.Build.0 = Release|Any CPU
		{609855EE-1B35-4AE2-B75B-0AE75D4702DC}.Debug|Any CPU.ActiveCfg = Debug|Any CPU
		{609855EE-1B35-4AE2-B75B-0AE75D4702DC}.Debug|Any CPU.Build.0 = Debug|Any CPU
		{609855EE-1B35-4AE2-B75B-0AE75D4702DC}.Release|Any CPU.ActiveCfg = Release|Any CPU
		{609855EE-1B35-4AE2-B75B-0AE75D4702DC}.Release|Any CPU.Build.0 = Release|Any CPU
		{39F36970-E6FB-4192-82A0-3C7B5788E9E3}.Debug|Any CPU.ActiveCfg = Debug|Any CPU
		{39F36970-E6FB-4192-82A0-3C7B5788E9E3}.Debug|Any CPU.Build.0 = Debug|Any CPU
		{39F36970-E6FB-4192-82A0-3C7B5788E9E3}.Release|Any CPU.ActiveCfg = Release|Any CPU
		{39F36970-E6FB-4192-82A0-3C7B5788E9E3}.Release|Any CPU.Build.0 = Release|Any CPU
		{1342AE20-3892-4175-A2DF-C4ACE3ED4C2B}.Debug|Any CPU.ActiveCfg = Debug|Any CPU
		{1342AE20-3892-4175-A2DF-C4ACE3ED4C2B}.Debug|Any CPU.Build.0 = Debug|Any CPU
		{1342AE20-3892-4175-A2DF-C4ACE3ED4C2B}.Release|Any CPU.ActiveCfg = Release|Any CPU
		{1342AE20-3892-4175-A2DF-C4ACE3ED4C2B}.Release|Any CPU.Build.0 = Release|Any CPU
		{271B60E6-261E-4324-900A-0CD92B939183}.Debug|Any CPU.ActiveCfg = Debug|Any CPU
		{271B60E6-261E-4324-900A-0CD92B939183}.Debug|Any CPU.Build.0 = Debug|Any CPU
		{271B60E6-261E-4324-900A-0CD92B939183}.Release|Any CPU.ActiveCfg = Release|Any CPU
		{271B60E6-261E-4324-900A-0CD92B939183}.Release|Any CPU.Build.0 = Release|Any CPU
		{8732BCE8-F94C-4928-A20F-B6418AB3EDF9}.Debug|Any CPU.ActiveCfg = Debug|Any CPU
		{8732BCE8-F94C-4928-A20F-B6418AB3EDF9}.Debug|Any CPU.Build.0 = Debug|Any CPU
		{8732BCE8-F94C-4928-A20F-B6418AB3EDF9}.Release|Any CPU.ActiveCfg = Release|Any CPU
		{8732BCE8-F94C-4928-A20F-B6418AB3EDF9}.Release|Any CPU.Build.0 = Release|Any CPU
		{BB88DF24-938F-4E21-86D3-DDFFAB74A09D}.Debug|Any CPU.ActiveCfg = Debug|Any CPU
		{BB88DF24-938F-4E21-86D3-DDFFAB74A09D}.Debug|Any CPU.Build.0 = Debug|Any CPU
		{BB88DF24-938F-4E21-86D3-DDFFAB74A09D}.Release|Any CPU.ActiveCfg = Release|Any CPU
		{BB88DF24-938F-4E21-86D3-DDFFAB74A09D}.Release|Any CPU.Build.0 = Release|Any CPU
	EndGlobalSection
	GlobalSection(NestedProjects) = preSolution
		{D232347B-0D1D-47D0-95E8-B4A2D37706A3} = {984E6015-DF9B-41C8-94EF-B5B4881537B0}
		{609855EE-1B35-4AE2-B75B-0AE75D4702DC} = {984E6015-DF9B-41C8-94EF-B5B4881537B0}
		{39F36970-E6FB-4192-82A0-3C7B5788E9E3} = {F78ED1E3-FD73-4282-A4E0-4323313BFFCB}
		{1342AE20-3892-4175-A2DF-C4ACE3ED4C2B} = {F78ED1E3-FD73-4282-A4E0-4323313BFFCB}
		{271B60E6-261E-4324-900A-0CD92B939183} = {6E73C872-1AA7-4AF0-BE25-8B6D2BA5A989}
		{8732BCE8-F94C-4928-A20F-B6418AB3EDF9} = {F78ED1E3-FD73-4282-A4E0-4323313BFFCB}
		{BB88DF24-938F-4E21-86D3-DDFFAB74A09D} = {6531C1B1-E0C5-4830-83C7-48984ED8D5C2}
	EndGlobalSection
EndGlobal
